// !$*UTF8*$!
{
	archiveVersion = 1;
	classes = {
	};
	objectVersion = 50;
	objects = {

/* Begin PBXBuildFile section */
		16062B9461036E197B3BAD99 /* Pods_PlaceBook.framework in Frameworks */ = {isa = PBXBuildFile; fileRef = 07A01BA480B6D1C84343AFF4 /* Pods_PlaceBook.framework */; };
		FA20A91B236EF19F0040F1AC /* PlaceModel.swift in Sources */ = {isa = PBXBuildFile; fileRef = FA20A91A236EF19F0040F1AC /* PlaceModel.swift */; };
		FA20A91E236F0E460040F1AC /* AddPlaceTableViewController.swift in Sources */ = {isa = PBXBuildFile; fileRef = FA20A91D236F0E460040F1AC /* AddPlaceTableViewController.swift */; };
		FAA9D8A2236D9E5900C5D3CE /* AppDelegate.swift in Sources */ = {isa = PBXBuildFile; fileRef = FAA9D8A1236D9E5900C5D3CE /* AppDelegate.swift */; };
		FAA9D8A4236D9E5A00C5D3CE /* SceneDelegate.swift in Sources */ = {isa = PBXBuildFile; fileRef = FAA9D8A3236D9E5A00C5D3CE /* SceneDelegate.swift */; };
		FAA9D8A6236D9E5A00C5D3CE /* MainViewController.swift in Sources */ = {isa = PBXBuildFile; fileRef = FAA9D8A5236D9E5A00C5D3CE /* MainViewController.swift */; };
		FAA9D8A9236D9E5A00C5D3CE /* Main.storyboard in Resources */ = {isa = PBXBuildFile; fileRef = FAA9D8A7236D9E5A00C5D3CE /* Main.storyboard */; };
		FAA9D8AB236D9E5D00C5D3CE /* Assets.xcassets in Resources */ = {isa = PBXBuildFile; fileRef = FAA9D8AA236D9E5D00C5D3CE /* Assets.xcassets */; };
		FAA9D8AE236D9E5D00C5D3CE /* LaunchScreen.storyboard in Resources */ = {isa = PBXBuildFile; fileRef = FAA9D8AC236D9E5D00C5D3CE /* LaunchScreen.storyboard */; };
		FAA9D8B8236DF4DA00C5D3CE /* MainTableViewCell.swift in Sources */ = {isa = PBXBuildFile; fileRef = FAA9D8B7236DF4DA00C5D3CE /* MainTableViewCell.swift */; };
/* End PBXBuildFile section */

/* Begin PBXFileReference section */
		07A01BA480B6D1C84343AFF4 /* Pods_PlaceBook.framework */ = {isa = PBXFileReference; explicitFileType = wrapper.framework; includeInIndex = 0; path = Pods_PlaceBook.framework; sourceTree = BUILT_PRODUCTS_DIR; };
		43EE1A0BC03B6EBE7E8F3D4D /* Pods-PlaceBook.release.xcconfig */ = {isa = PBXFileReference; includeInIndex = 1; lastKnownFileType = text.xcconfig; name = "Pods-PlaceBook.release.xcconfig"; path = "Target Support Files/Pods-PlaceBook/Pods-PlaceBook.release.xcconfig"; sourceTree = "<group>"; };
		6E31FC3664EA5AB274A6E07A /* Pods-PlaceBook.debug.xcconfig */ = {isa = PBXFileReference; includeInIndex = 1; lastKnownFileType = text.xcconfig; name = "Pods-PlaceBook.debug.xcconfig"; path = "Target Support Files/Pods-PlaceBook/Pods-PlaceBook.debug.xcconfig"; sourceTree = "<group>"; };
		FA20A91A236EF19F0040F1AC /* PlaceModel.swift */ = {isa = PBXFileReference; lastKnownFileType = sourcecode.swift; path = PlaceModel.swift; sourceTree = "<group>"; };
		FA20A91D236F0E460040F1AC /* AddPlaceTableViewController.swift */ = {isa = PBXFileReference; lastKnownFileType = sourcecode.swift; path = AddPlaceTableViewController.swift; sourceTree = "<group>"; };
		FAA9D89E236D9E5900C5D3CE /* PlaceBook.app */ = {isa = PBXFileReference; explicitFileType = wrapper.application; includeInIndex = 0; path = PlaceBook.app; sourceTree = BUILT_PRODUCTS_DIR; };
		FAA9D8A1236D9E5900C5D3CE /* AppDelegate.swift */ = {isa = PBXFileReference; lastKnownFileType = sourcecode.swift; path = AppDelegate.swift; sourceTree = "<group>"; };
		FAA9D8A3236D9E5A00C5D3CE /* SceneDelegate.swift */ = {isa = PBXFileReference; lastKnownFileType = sourcecode.swift; path = SceneDelegate.swift; sourceTree = "<group>"; };
		FAA9D8A5236D9E5A00C5D3CE /* MainViewController.swift */ = {isa = PBXFileReference; lastKnownFileType = sourcecode.swift; path = MainViewController.swift; sourceTree = "<group>"; };
		FAA9D8A8236D9E5A00C5D3CE /* Base */ = {isa = PBXFileReference; lastKnownFileType = file.storyboard; name = Base; path = Base.lproj/Main.storyboard; sourceTree = "<group>"; };
		FAA9D8AA236D9E5D00C5D3CE /* Assets.xcassets */ = {isa = PBXFileReference; lastKnownFileType = folder.assetcatalog; path = Assets.xcassets; sourceTree = "<group>"; };
		FAA9D8AD236D9E5D00C5D3CE /* Base */ = {isa = PBXFileReference; lastKnownFileType = file.storyboard; name = Base; path = Base.lproj/LaunchScreen.storyboard; sourceTree = "<group>"; };
		FAA9D8AF236D9E5D00C5D3CE /* Info.plist */ = {isa = PBXFileReference; lastKnownFileType = text.plist.xml; path = Info.plist; sourceTree = "<group>"; };
		FAA9D8B7236DF4DA00C5D3CE /* MainTableViewCell.swift */ = {isa = PBXFileReference; lastKnownFileType = sourcecode.swift; path = MainTableViewCell.swift; sourceTree = "<group>"; };
/* End PBXFileReference section */

/* Begin PBXFrameworksBuildPhase section */
		FAA9D89B236D9E5900C5D3CE /* Frameworks */ = {
			isa = PBXFrameworksBuildPhase;
			buildActionMask = 2147483647;
			files = (
				16062B9461036E197B3BAD99 /* Pods_PlaceBook.framework in Frameworks */,
			);
			runOnlyForDeploymentPostprocessing = 0;
		};
/* End PBXFrameworksBuildPhase section */

/* Begin PBXGroup section */
		A5431E35B317C11F61F6C9E0 /* Pods */ = {
			isa = PBXGroup;
			children = (
				6E31FC3664EA5AB274A6E07A /* Pods-PlaceBook.debug.xcconfig */,
				43EE1A0BC03B6EBE7E8F3D4D /* Pods-PlaceBook.release.xcconfig */,
			);
			name = Pods;
			path = Pods;
			sourceTree = "<group>";
		};
		A8165E2212B6B766F4BC17C7 /* Frameworks */ = {
			isa = PBXGroup;
			children = (
				07A01BA480B6D1C84343AFF4 /* Pods_PlaceBook.framework */,
			);
			name = Frameworks;
			sourceTree = "<group>";
		};
		FA20A91C236F02E30040F1AC /* Main View */ = {
			isa = PBXGroup;
			children = (
				FAA9D8A5236D9E5A00C5D3CE /* MainViewController.swift */,
				FAA9D8B7236DF4DA00C5D3CE /* MainTableViewCell.swift */,
			);
			path = "Main View";
			sourceTree = "<group>";
		};
		FA20A91F236F0E4B0040F1AC /* AddPlace View */ = {
			isa = PBXGroup;
			children = (
				FA20A91D236F0E460040F1AC /* AddPlaceTableViewController.swift */,
			);
			path = "AddPlace View";
			sourceTree = "<group>";
		};
		FAA9D895236D9E5900C5D3CE = {
			isa = PBXGroup;
			children = (
				FAA9D8A0236D9E5900C5D3CE /* PlaceBook */,
				FAA9D89F236D9E5900C5D3CE /* Products */,
				A5431E35B317C11F61F6C9E0 /* Pods */,
				A8165E2212B6B766F4BC17C7 /* Frameworks */,
			);
			sourceTree = "<group>";
		};
		FAA9D89F236D9E5900C5D3CE /* Products */ = {
			isa = PBXGroup;
			children = (
				FAA9D89E236D9E5900C5D3CE /* PlaceBook.app */,
			);
			name = Products;
			sourceTree = "<group>";
		};
		FAA9D8A0236D9E5900C5D3CE /* PlaceBook */ = {
			isa = PBXGroup;
			children = (
				FAA9D8A1236D9E5900C5D3CE /* AppDelegate.swift */,
				FAA9D8A3236D9E5A00C5D3CE /* SceneDelegate.swift */,
				FA20A91A236EF19F0040F1AC /* PlaceModel.swift */,
				FAA9D8A7236D9E5A00C5D3CE /* Main.storyboard */,
				FA20A91C236F02E30040F1AC /* Main View */,
				FA20A91F236F0E4B0040F1AC /* AddPlace View */,
				FAA9D8AA236D9E5D00C5D3CE /* Assets.xcassets */,
				FAA9D8AC236D9E5D00C5D3CE /* LaunchScreen.storyboard */,
				FAA9D8AF236D9E5D00C5D3CE /* Info.plist */,
			);
			path = PlaceBook;
			sourceTree = "<group>";
		};
/* End PBXGroup section */

/* Begin PBXNativeTarget section */
		FAA9D89D236D9E5900C5D3CE /* PlaceBook */ = {
			isa = PBXNativeTarget;
			buildConfigurationList = FAA9D8B2236D9E5D00C5D3CE /* Build configuration list for PBXNativeTarget "PlaceBook" */;
			buildPhases = (
				9ADB3C4E742D9C6B3EDCE2E5 /* [CP] Check Pods Manifest.lock */,
				FAA9D89A236D9E5900C5D3CE /* Sources */,
				FAA9D89B236D9E5900C5D3CE /* Frameworks */,
				FAA9D89C236D9E5900C5D3CE /* Resources */,
			);
			buildRules = (
			);
			dependencies = (
			);
			name = PlaceBook;
			productName = PlaceBook;
			productReference = FAA9D89E236D9E5900C5D3CE /* PlaceBook.app */;
			productType = "com.apple.product-type.application";
		};
/* End PBXNativeTarget section */

/* Begin PBXProject section */
		FAA9D896236D9E5900C5D3CE /* Project object */ = {
			isa = PBXProject;
			attributes = {
				LastSwiftUpdateCheck = 1110;
				LastUpgradeCheck = 1110;
				ORGANIZATIONNAME = Anton;
				TargetAttributes = {
					FAA9D89D236D9E5900C5D3CE = {
						CreatedOnToolsVersion = 11.1;
					};
				};
			};
			buildConfigurationList = FAA9D899236D9E5900C5D3CE /* Build configuration list for PBXProject "PlaceBook" */;
			compatibilityVersion = "Xcode 9.3";
			developmentRegion = en;
			hasScannedForEncodings = 0;
			knownRegions = (
				en,
				Base,
			);
			mainGroup = FAA9D895236D9E5900C5D3CE;
			productRefGroup = FAA9D89F236D9E5900C5D3CE /* Products */;
			projectDirPath = "";
			projectRoot = "";
			targets = (
				FAA9D89D236D9E5900C5D3CE /* PlaceBook */,
			);
		};
/* End PBXProject section */

/* Begin PBXResourcesBuildPhase section */
		FAA9D89C236D9E5900C5D3CE /* Resources */ = {
			isa = PBXResourcesBuildPhase;
			buildActionMask = 2147483647;
			files = (
				FAA9D8AE236D9E5D00C5D3CE /* LaunchScreen.storyboard in Resources */,
				FAA9D8AB236D9E5D00C5D3CE /* Assets.xcassets in Resources */,
				FAA9D8A9236D9E5A00C5D3CE /* Main.storyboard in Resources */,
			);
			runOnlyForDeploymentPostprocessing = 0;
		};
/* End PBXResourcesBuildPhase section */

/* Begin PBXShellScriptBuildPhase section */
		9ADB3C4E742D9C6B3EDCE2E5 /* [CP] Check Pods Manifest.lock */ = {
			isa = PBXShellScriptBuildPhase;
			buildActionMask = 2147483647;
			files = (
			);
			inputFileListPaths = (
			);
			inputPaths = (
				"${PODS_PODFILE_DIR_PATH}/Podfile.lock",
				"${PODS_ROOT}/Manifest.lock",
			);
			name = "[CP] Check Pods Manifest.lock";
			outputFileListPaths = (
			);
			outputPaths = (
				"$(DERIVED_FILE_DIR)/Pods-PlaceBook-checkManifestLockResult.txt",
			);
			runOnlyForDeploymentPostprocessing = 0;
			shellPath = /bin/sh;
			shellScript = "diff \"${PODS_PODFILE_DIR_PATH}/Podfile.lock\" \"${PODS_ROOT}/Manifest.lock\" > /dev/null\nif [ $? != 0 ] ; then\n    # print error to STDERR\n    echo \"error: The sandbox is not in sync with the Podfile.lock. Run 'pod install' or update your CocoaPods installation.\" >&2\n    exit 1\nfi\n# This output is used by Xcode 'outputs' to avoid re-running this script phase.\necho \"SUCCESS\" > \"${SCRIPT_OUTPUT_FILE_0}\"\n";
			showEnvVarsInLog = 0;
		};
/* End PBXShellScriptBuildPhase section */

/* Begin PBXSourcesBuildPhase section */
		FAA9D89A236D9E5900C5D3CE /* Sources */ = {
			isa = PBXSourcesBuildPhase;
			buildActionMask = 2147483647;
			files = (
				FAA9D8A6236D9E5A00C5D3CE /* MainViewController.swift in Sources */,
				FAA9D8A2236D9E5900C5D3CE /* AppDelegate.swift in Sources */,
				FA20A91B236EF19F0040F1AC /* PlaceModel.swift in Sources */,
				FAA9D8B8236DF4DA00C5D3CE /* MainTableViewCell.swift in Sources */,
				FAA9D8A4236D9E5A00C5D3CE /* SceneDelegate.swift in Sources */,
				FA20A91E236F0E460040F1AC /* AddPlaceTableViewController.swift in Sources */,
			);
			runOnlyForDeploymentPostprocessing = 0;
		};
/* End PBXSourcesBuildPhase section */

/* Begin PBXVariantGroup section */
		FAA9D8A7236D9E5A00C5D3CE /* Main.storyboard */ = {
			isa = PBXVariantGroup;
			children = (
				FAA9D8A8236D9E5A00C5D3CE /* Base */,
			);
			name = Main.storyboard;
			sourceTree = "<group>";
		};
		FAA9D8AC236D9E5D00C5D3CE /* LaunchScreen.storyboard */ = {
			isa = PBXVariantGroup;
			children = (
				FAA9D8AD236D9E5D00C5D3CE /* Base */,
			);
			name = LaunchScreen.storyboard;
			sourceTree = "<group>";
		};
/* End PBXVariantGroup section */

/* Begin XCBuildConfiguration section */
		FAA9D8B0236D9E5D00C5D3CE /* Debug */ = {
			isa = XCBuildConfiguration;
			buildSettings = {
				ALWAYS_SEARCH_USER_PATHS = NO;
				CLANG_ANALYZER_NONNULL = YES;
				CLANG_ANALYZER_NUMBER_OBJECT_CONVERSION = YES_AGGRESSIVE;
				CLANG_CXX_LANGUAGE_STANDARD = "gnu++14";
				CLANG_CXX_LIBRARY = "libc++";
				CLANG_ENABLE_MODULES = YES;
				CLANG_ENABLE_OBJC_ARC = YES;
				CLANG_ENABLE_OBJC_WEAK = YES;
				CLANG_WARN_BLOCK_CAPTURE_AUTORELEASING = YES;
				CLANG_WARN_BOOL_CONVERSION = YES;
				CLANG_WARN_COMMA = YES;
				CLANG_WARN_CONSTANT_CONVERSION = YES;
				CLANG_WARN_DEPRECATED_OBJC_IMPLEMENTATIONS = YES;
				CLANG_WARN_DIRECT_OBJC_ISA_USAGE = YES_ERROR;
				CLANG_WARN_DOCUMENTATION_COMMENTS = YES;
				CLANG_WARN_EMPTY_BODY = YES;
				CLANG_WARN_ENUM_CONVERSION = YES;
				CLANG_WARN_INFINITE_RECURSION = YES;
				CLANG_WARN_INT_CONVERSION = YES;
				CLANG_WARN_NON_LITERAL_NULL_CONVERSION = YES;
				CLANG_WARN_OBJC_IMPLICIT_RETAIN_SELF = YES;
				CLANG_WARN_OBJC_LITERAL_CONVERSION = YES;
				CLANG_WARN_OBJC_ROOT_CLASS = YES_ERROR;
				CLANG_WARN_RANGE_LOOP_ANALYSIS = YES;
				CLANG_WARN_STRICT_PROTOTYPES = YES;
				CLANG_WARN_SUSPICIOUS_MOVE = YES;
				CLANG_WARN_UNGUARDED_AVAILABILITY = YES_AGGRESSIVE;
				CLANG_WARN_UNREACHABLE_CODE = YES;
				CLANG_WARN__DUPLICATE_METHOD_MATCH = YES;
				COPY_PHASE_STRIP = NO;
				DEBUG_INFORMATION_FORMAT = dwarf;
				ENABLE_STRICT_OBJC_MSGSEND = YES;
				ENABLE_TESTABILITY = YES;
				GCC_C_LANGUAGE_STANDARD = gnu11;
				GCC_DYNAMIC_NO_PIC = NO;
				GCC_NO_COMMON_BLOCKS = YES;
				GCC_OPTIMIZATION_LEVEL = 0;
				GCC_PREPROCESSOR_DEFINITIONS = (
					"DEBUG=1",
					"$(inherited)",
				);
				GCC_WARN_64_TO_32_BIT_CONVERSION = YES;
				GCC_WARN_ABOUT_RETURN_TYPE = YES_ERROR;
				GCC_WARN_UNDECLARED_SELECTOR = YES;
				GCC_WARN_UNINITIALIZED_AUTOS = YES_AGGRESSIVE;
				GCC_WARN_UNUSED_FUNCTION = YES;
				GCC_WARN_UNUSED_VARIABLE = YES;
				IPHONEOS_DEPLOYMENT_TARGET = 13.1;
				MTL_ENABLE_DEBUG_INFO = INCLUDE_SOURCE;
				MTL_FAST_MATH = YES;
				ONLY_ACTIVE_ARCH = YES;
				SDKROOT = iphoneos;
				SWIFT_ACTIVE_COMPILATION_CONDITIONS = DEBUG;
				SWIFT_OPTIMIZATION_LEVEL = "-Onone";
			};
			name = Debug;
		};
		FAA9D8B1236D9E5D00C5D3CE /* Release */ = {
			isa = XCBuildConfiguration;
			buildSettings = {
				ALWAYS_SEARCH_USER_PATHS = NO;
				CLANG_ANALYZER_NONNULL = YES;
				CLANG_ANALYZER_NUMBER_OBJECT_CONVERSION = YES_AGGRESSIVE;
				CLANG_CXX_LANGUAGE_STANDARD = "gnu++14";
				CLANG_CXX_LIBRARY = "libc++";
				CLANG_ENABLE_MODULES = YES;
				CLANG_ENABLE_OBJC_ARC = YES;
				CLANG_ENABLE_OBJC_WEAK = YES;
				CLANG_WARN_BLOCK_CAPTURE_AUTORELEASING = YES;
				CLANG_WARN_BOOL_CONVERSION = YES;
				CLANG_WARN_COMMA = YES;
				CLANG_WARN_CONSTANT_CONVERSION = YES;
				CLANG_WARN_DEPRECATED_OBJC_IMPLEMENTATIONS = YES;
				CLANG_WARN_DIRECT_OBJC_ISA_USAGE = YES_ERROR;
				CLANG_WARN_DOCUMENTATION_COMMENTS = YES;
				CLANG_WARN_EMPTY_BODY = YES;
				CLANG_WARN_ENUM_CONVERSION = YES;
				CLANG_WARN_INFINITE_RECURSION = YES;
				CLANG_WARN_INT_CONVERSION = YES;
				CLANG_WARN_NON_LITERAL_NULL_CONVERSION = YES;
				CLANG_WARN_OBJC_IMPLICIT_RETAIN_SELF = YES;
				CLANG_WARN_OBJC_LITERAL_CONVERSION = YES;
				CLANG_WARN_OBJC_ROOT_CLASS = YES_ERROR;
				CLANG_WARN_RANGE_LOOP_ANALYSIS = YES;
				CLANG_WARN_STRICT_PROTOTYPES = YES;
				CLANG_WARN_SUSPICIOUS_MOVE = YES;
				CLANG_WARN_UNGUARDED_AVAILABILITY = YES_AGGRESSIVE;
				CLANG_WARN_UNREACHABLE_CODE = YES;
				CLANG_WARN__DUPLICATE_METHOD_MATCH = YES;
				COPY_PHASE_STRIP = NO;
				DEBUG_INFORMATION_FORMAT = "dwarf-with-dsym";
				ENABLE_NS_ASSERTIONS = NO;
				ENABLE_STRICT_OBJC_MSGSEND = YES;
				GCC_C_LANGUAGE_STANDARD = gnu11;
				GCC_NO_COMMON_BLOCKS = YES;
				GCC_WARN_64_TO_32_BIT_CONVERSION = YES;
				GCC_WARN_ABOUT_RETURN_TYPE = YES_ERROR;
				GCC_WARN_UNDECLARED_SELECTOR = YES;
				GCC_WARN_UNINITIALIZED_AUTOS = YES_AGGRESSIVE;
				GCC_WARN_UNUSED_FUNCTION = YES;
				GCC_WARN_UNUSED_VARIABLE = YES;
				IPHONEOS_DEPLOYMENT_TARGET = 13.1;
				MTL_ENABLE_DEBUG_INFO = NO;
				MTL_FAST_MATH = YES;
				SDKROOT = iphoneos;
				SWIFT_COMPILATION_MODE = wholemodule;
				SWIFT_OPTIMIZATION_LEVEL = "-O";
				VALIDATE_PRODUCT = YES;
			};
			name = Release;
		};
		FAA9D8B3236D9E5D00C5D3CE /* Debug */ = {
			isa = XCBuildConfiguration;
			baseConfigurationReference = 6E31FC3664EA5AB274A6E07A /* Pods-PlaceBook.debug.xcconfig */;
			buildSettings = {
				ASSETCATALOG_COMPILER_APPICON_NAME = AppIcon;
				CODE_SIGN_STYLE = Automatic;
				DEVELOPMENT_TEAM = ZG7535M7XW;
				INFOPLIST_FILE = PlaceBook/Info.plist;
				LD_RUNPATH_SEARCH_PATHS = (
					"$(inherited)",
					"@executable_path/Frameworks",
				);
				PRODUCT_BUNDLE_IDENTIFIER = com.Example.PlaceBook;
				PRODUCT_NAME = "$(TARGET_NAME)";
				SWIFT_VERSION = 5.0;
				TARGETED_DEVICE_FAMILY = "1,2";
			};
			name = Debug;
		};
		FAA9D8B4236D9E5D00C5D3CE /* Release */ = {
			isa = XCBuildConfiguration;
			baseConfigurationReference = 43EE1A0BC03B6EBE7E8F3D4D /* Pods-PlaceBook.release.xcconfig */;
			buildSettings = {
				ASSETCATALOG_COMPILER_APPICON_NAME = AppIcon;
				CODE_SIGN_STYLE = Automatic;
				DEVELOPMENT_TEAM = ZG7535M7XW;
				INFOPLIST_FILE = PlaceBook/Info.plist;
				LD_RUNPATH_SEARCH_PATHS = (
					"$(inherited)",
					"@executable_path/Frameworks",
				);
				PRODUCT_BUNDLE_IDENTIFIER = com.Example.PlaceBook;
				PRODUCT_NAME = "$(TARGET_NAME)";
				SWIFT_VERSION = 5.0;
				TARGETED_DEVICE_FAMILY = "1,2";
			};
			name = Release;
		};
/* End XCBuildConfiguration section */

/* Begin XCConfigurationList section */
		FAA9D899236D9E5900C5D3CE /* Build configuration list for PBXProject "PlaceBook" */ = {
			isa = XCConfigurationList;
			buildConfigurations = (
				FAA9D8B0236D9E5D00C5D3CE /* Debug */,
				FAA9D8B1236D9E5D00C5D3CE /* Release */,
			);
			defaultConfigurationIsVisible = 0;
			defaultConfigurationName = Release;
		};
		FAA9D8B2236D9E5D00C5D3CE /* Build configuration list for PBXNativeTarget "PlaceBook" */ = {
			isa = XCConfigurationList;
			buildConfigurations = (
				FAA9D8B3236D9E5D00C5D3CE /* Debug */,
				FAA9D8B4236D9E5D00C5D3CE /* Release */,
			);
			defaultConfigurationIsVisible = 0;
			defaultConfigurationName = Release;
		};
/* End XCConfigurationList section */
	};
	rootObject = FAA9D896236D9E5900C5D3CE /* Project object */;
}
